
Microsoft Visual Studio Solution File, Format Version 12.00
# Visual Studio Version 17
VisualStudioVersion = 17.8.34601.278
MinimumVisualStudioVersion = 10.0.40219.1
Project("{FAE04EC0-301F-11D3-BF4B-00C04F79EFBC}") = "Task_2_Recursion", "Task_2_Recursion\Task_2_Recursion.csproj", "{BCC8BB9D-F415-4560-85DB-0B56F0FA5B54}"
EndProject
Global
	GlobalSection(SolutionConfigurationPlatforms) = preSolution
		Debug|Any CPU = Debug|Any CPU
		Release|Any CPU = Release|Any CPU
	EndGlobalSection
	GlobalSection(ProjectConfigurationPlatforms) = postSolution
		{BCC8BB9D-F415-4560-85DB-0B56F0FA5B54}.Debug|Any CPU.ActiveCfg = Debug|Any CPU
		{BCC8BB9D-F415-4560-85DB-0B56F0FA5B54}.Debug|Any CPU.Build.0 = Debug|Any CPU
		{BCC8BB9D-F415-4560-85DB-0B56F0FA5B54}.Release|Any CPU.ActiveCfg = Release|Any CPU
		{BCC8BB9D-F415-4560-85DB-0B56F0FA5B54}.Release|Any CPU.Build.0 = Release|Any CPU
	EndGlobalSection
	GlobalSection(SolutionProperties) = preSolution
		HideSolutionNode = FALSE
	EndGlobalSection
	GlobalSection(ExtensibilityGlobals) = postSolution
		SolutionGuid = {EC9892B3-1683-4B61-9D01-E5046B1CD406}
	EndGlobalSection
EndGlobal
